
Microsoft Visual Studio Solution File, Format Version 12.00
# Visual Studio Version 16
VisualStudioVersion = 16.0.31112.23
MinimumVisualStudioVersion = 10.0.40219.1
Project("{FAE04EC0-301F-11D3-BF4B-00C04F79EFBC}") = "JYU_PDFWaterMark_Sample", "JYU_PDFWaterMark_Sample\JYU_PDFWaterMark_Sample.csproj", "{E42BCEF0-F9C2-4AE0-A908-097201F33464}"
EndProject
Global
	GlobalSection(SolutionConfigurationPlatforms) = preSolution
		Debug|Any CPU = Debug|Any CPU
		Release|Any CPU = Release|Any CPU
	EndGlobalSection
	GlobalSection(ProjectConfigurationPlatforms) = postSolution
		{E42BCEF0-F9C2-4AE0-A908-097201F33464}.Debug|Any CPU.ActiveCfg = Debug|Any CPU
		{E42BCEF0-F9C2-4AE0-A908-097201F33464}.Debug|Any CPU.Build.0 = Debug|Any CPU
		{E42BCEF0-F9C2-4AE0-A908-097201F33464}.Release|Any CPU.ActiveCfg = Release|Any CPU
		{E42BCEF0-F9C2-4AE0-A908-097201F33464}.Release|Any CPU.Build.0 = Release|Any CPU
	EndGlobalSection
	GlobalSection(SolutionProperties) = preSolution
		HideSolutionNode = FALSE
	EndGlobalSection
	GlobalSection(ExtensibilityGlobals) = postSolution
		SolutionGuid = {F39150AF-BB94-4F3B-925D-68251DA3F6A2}
	EndGlobalSection
EndGlobal
